
Microsoft Visual Studio Solution File, Format Version 12.00
# Visual Studio Version 17
VisualStudioVersion = 17.5.33516.290
MinimumVisualStudioVersion = 10.0.40219.1
Project("{FAE04EC0-301F-11D3-BF4B-00C04F79EFBC}") = "Perceptron Learning", "Perceptron Learning\Perceptron Learning.csproj", "{850A57FC-FC9F-4664-BEE6-78A7559F714A}"
EndProject
Global
	GlobalSection(SolutionConfigurationPlatforms) = preSolution
		Debug|Any CPU = Debug|Any CPU
		Release|Any CPU = Release|Any CPU
	EndGlobalSection
	GlobalSection(ProjectConfigurationPlatforms) = postSolution
		{850A57FC-FC9F-4664-BEE6-78A7559F714A}.Debug|Any CPU.ActiveCfg = Debug|Any CPU
		{850A57FC-FC9F-4664-BEE6-78A7559F714A}.Debug|Any CPU.Build.0 = Debug|Any CPU
		{850A57FC-FC9F-4664-BEE6-78A7559F714A}.Release|Any CPU.ActiveCfg = Release|Any CPU
		{850A57FC-FC9F-4664-BEE6-78A7559F714A}.Release|Any CPU.Build.0 = Release|Any CPU
	EndGlobalSection
	GlobalSection(SolutionProperties) = preSolution
		HideSolutionNode = FALSE
	EndGlobalSection
	GlobalSection(ExtensibilityGlobals) = postSolution
		SolutionGuid = {61438E74-E5A9-4DE2-BEE7-C3281AA2F2FA}
	EndGlobalSection
EndGlobal
